
Microsoft Visual Studio Solution File, Format Version 12.00
# Visual Studio Version 16
VisualStudioVersion = 16.0.30204.135
MinimumVisualStudioVersion = 10.0.40219.1
Project("{9A19103F-16F7-4668-BE54-9A1E7A4F7556}") = "NetCoreLibrary", "NetCoreLibrary\NetCoreLibrary.csproj", "{387E478E-B765-48C4-8534-42750E214479}"
EndProject
Project("{888888A0-9F3D-457C-B088-3A5042F75D52}") = "IronPythonApplication", "IronPythonApplication\IronPythonApplication.pyproj", "{5AB7A6C0-2C97-43A2-83EF-B57446C43420}"
EndProject
Project("{888888A0-9F3D-457C-B088-3A5042F75D52}") = "PythonApplication.Desctop", "PythonApplication.Desctop\PythonApplication.Desctop.pyproj", "{66831D3F-6FA8-4E88-9AE8-5226AD77701C}"
EndProject
Project("{FAE04EC0-301F-11D3-BF4B-00C04F79EFBC}") = "NetDesignPatternSamples", "NetDesignPatternSamples\NetDesignPatternSamples.csproj", "{99ADC722-FC59-458B-8969-2247A133F384}"
EndProject
Project("{FAE04EC0-301F-11D3-BF4B-00C04F79EFBC}") = "NetCodeExample", "NetCodeExample\NetCodeExample.csproj", "{6C0180E7-B4E8-4302-81C0-054B67279DCF}"
EndProject
Project("{FAE04EC0-301F-11D3-BF4B-00C04F79EFBC}") = "NetCoreML", "NetCoreML\NetCoreML.csproj", "{307591FC-F1FF-4B95-8585-C27A22A17C53}"
EndProject
Global
	GlobalSection(SolutionConfigurationPlatforms) = preSolution
		Debug|Any CPU = Debug|Any CPU
		Release|Any CPU = Release|Any CPU
	EndGlobalSection
	GlobalSection(ProjectConfigurationPlatforms) = postSolution
		{387E478E-B765-48C4-8534-42750E214479}.Debug|Any CPU.ActiveCfg = Debug|Any CPU
		{387E478E-B765-48C4-8534-42750E214479}.Debug|Any CPU.Build.0 = Debug|Any CPU
		{387E478E-B765-48C4-8534-42750E214479}.Release|Any CPU.ActiveCfg = Release|Any CPU
		{387E478E-B765-48C4-8534-42750E214479}.Release|Any CPU.Build.0 = Release|Any CPU
		{5AB7A6C0-2C97-43A2-83EF-B57446C43420}.Debug|Any CPU.ActiveCfg = Debug|Any CPU
		{5AB7A6C0-2C97-43A2-83EF-B57446C43420}.Release|Any CPU.ActiveCfg = Release|Any CPU
		{66831D3F-6FA8-4E88-9AE8-5226AD77701C}.Debug|Any CPU.ActiveCfg = Debug|Any CPU
		{66831D3F-6FA8-4E88-9AE8-5226AD77701C}.Release|Any CPU.ActiveCfg = Release|Any CPU
		{99ADC722-FC59-458B-8969-2247A133F384}.Debug|Any CPU.ActiveCfg = Debug|Any CPU
		{99ADC722-FC59-458B-8969-2247A133F384}.Debug|Any CPU.Build.0 = Debug|Any CPU
		{99ADC722-FC59-458B-8969-2247A133F384}.Release|Any CPU.ActiveCfg = Release|Any CPU
		{99ADC722-FC59-458B-8969-2247A133F384}.Release|Any CPU.Build.0 = Release|Any CPU
		{6C0180E7-B4E8-4302-81C0-054B67279DCF}.Debug|Any CPU.ActiveCfg = Debug|Any CPU
		{6C0180E7-B4E8-4302-81C0-054B67279DCF}.Debug|Any CPU.Build.0 = Debug|Any CPU
		{6C0180E7-B4E8-4302-81C0-054B67279DCF}.Release|Any CPU.ActiveCfg = Release|Any CPU
		{6C0180E7-B4E8-4302-81C0-054B67279DCF}.Release|Any CPU.Build.0 = Release|Any CPU
		{307591FC-F1FF-4B95-8585-C27A22A17C53}.Debug|Any CPU.ActiveCfg = Debug|Any CPU
		{307591FC-F1FF-4B95-8585-C27A22A17C53}.Debug|Any CPU.Build.0 = Debug|Any CPU
		{307591FC-F1FF-4B95-8585-C27A22A17C53}.Release|Any CPU.ActiveCfg = Release|Any CPU
		{307591FC-F1FF-4B95-8585-C27A22A17C53}.Release|Any CPU.Build.0 = Release|Any CPU
	EndGlobalSection
	GlobalSection(SolutionProperties) = preSolution
		HideSolutionNode = FALSE
	EndGlobalSection
	GlobalSection(ExtensibilityGlobals) = postSolution
		SolutionGuid = {B2A18B00-FA9F-44CF-AD35-2A7D0C8040B7}
	EndGlobalSection
EndGlobal
